
Microsoft Visual Studio Solution File, Format Version 12.00
# Visual Studio Version 16
VisualStudioVersion = 16.0.30503.244
MinimumVisualStudioVersion = 10.0.40219.1
Project("{8BC9CEB8-8B4A-11D0-8D11-00A0C91BC942}") = "SorterApp", "SorterApp.vcxproj", "{AEB44511-75A3-4D51-BAEC-0032B01CB544}"
EndProject
Global
	GlobalSection(SolutionConfigurationPlatforms) = preSolution
		Debug|x64 = Debug|x64
		Debug|x86 = Debug|x86
		Release|x64 = Release|x64
		Release|x86 = Release|x86
	EndGlobalSection
	GlobalSection(ProjectConfigurationPlatforms) = postSolution
		{AEB44511-75A3-4D51-BAEC-0032B01CB544}.Debug|x64.ActiveCfg = Debug|x64
		{AEB44511-75A3-4D51-BAEC-0032B01CB544}.Debug|x64.Build.0 = Debug|x64
		{AEB44511-75A3-4D51-BAEC-0032B01CB544}.Debug|x86.ActiveCfg = Debug|Win32
		{AEB44511-75A3-4D51-BAEC-0032B01CB544}.Debug|x86.Build.0 = Debug|Win32
		{AEB44511-75A3-4D51-BAEC-0032B01CB544}.Release|x64.ActiveCfg = Release|x64
		{AEB44511-75A3-4D51-BAEC-0032B01CB544}.Release|x64.Build.0 = Release|x64
		{AEB44511-75A3-4D51-BAEC-0032B01CB544}.Release|x86.ActiveCfg = Release|Win32
		{AEB44511-75A3-4D51-BAEC-0032B01CB544}.Release|x86.Build.0 = Release|Win32
	EndGlobalSection
	GlobalSection(SolutionProperties) = preSolution
		HideSolutionNode = FALSE
	EndGlobalSection
	GlobalSection(ExtensibilityGlobals) = postSolution
		SolutionGuid = {D8761B71-E459-411B-995D-073F12EB5F0E}
	EndGlobalSection
EndGlobal
